{
  "pins" : [
    {
      "identity" : "heartrateobserver",
      "kind" : "remoteSourceControl",
      "location" : "git@github.com:urjhams/HeartRateObserver.git",
      "state" : {
        "branch" : "main",
        "revision" : "b44820b1129abb5d3ae93e8a36e2b64aaf586f13"
      }
    }
  ],
  "version" : 2
}
