{
  "pins" : [
    {
      "identity" : "heartrateobserver",
      "kind" : "remoteSourceControl",
      "location" : "git@github.com:urjhams/HeartRateObserver.git",
      "state" : {
        "branch" : "main",
        "revision" : "de6ef4d1bfe5ed0c4a3d5e63d3361c2debe1b609"
      }
    }
  ],
  "version" : 2
}
